#MicroXplorer Configuration settings - do not modify
Mcu.Family=STM32F1
ProjectManager.MainLocation=Src
RCC.MCOFreq_Value=8000000
PB13.GPIOParameters=GPIO_Label
ProjectManager.ProjectFileName=Rover.ioc
PB8.GPIOParameters=GPIO_Label
PB9.GPIO_Label=RIN2
ProjectManager.KeepUserCode=true
Mcu.UserName=STM32F103C6Tx
PA10.Mode=Asynchronous
Mcu.PinsNb=17
ProjectManager.NoMain=false
TIM1.IPParameters=Prescaler,Period
USART1.BaudRate=9600
RCC.PLLCLKFreq_Value=8000000
PA9.GPIO_Label=TX
PB14.GPIO_Label=RESWCH
PC13-TAMPER-RTC.GPIOParameters=GPIO_Label
ProjectManager.functionlistsort=1-MX_GPIO_Init-GPIO-false-HAL-true,2-SystemClock_Config-RCC-false-HAL-false,3-MX_TIM1_Init-TIM1-false-HAL-true,4-MX_USART1_UART_Init-USART1-false-HAL-true,5-MX_TIM2_Init-TIM2-false-HAL-true
PA9.GPIOParameters=GPIO_Label
PB11.GPIO_Label=RECHO
PC13-TAMPER-RTC.Signal=GPIO_Output
RCC.ADCFreqValue=4000000
ProjectManager.DefaultFWLocation=true
PB6.GPIO_Label=LIN1
NVIC.TIM1_UP_IRQn=true\:1\:0\:true\:false\:true\:true\:true
PB12.Locked=true
ProjectManager.DeletePrevious=true
TIM2.Channel-PWM\ Generation2\ CH2=TIM_CHANNEL_2
USART1.IPParameters=VirtualMode,BaudRate
PB14.Locked=true
PB10.Locked=true
PB13.GPIO_Label=FECHO
PB11.Signal=GPIO_Input
PB13.Signal=GPIO_Input
PB15.Signal=GPXTI15
VP_SYS_VS_ND.Mode=No_Debug
PinOutPanel.RotationAngle=0
RCC.FamilyName=M
RCC.SYSCLKSource=RCC_SYSCLKSOURCE_PLLCLK
ProjectManager.StackSize=0x400
PB9.GPIOParameters=GPIO_Label
Mcu.IP4=TIM2
RCC.FCLKCortexFreq_Value=8000000
Mcu.IP5=USART1
NVIC.SVCall_IRQn=true\:0\:0\:false\:false\:true\:false\:false
Mcu.IP2=SYS
PB8.GPIO_Label=RIN1
Mcu.IP3=TIM1
SH.S_TIM2_CH2.0=TIM2_CH2,PWM Generation2 CH2
Mcu.IP0=NVIC
PA9.Mode=Asynchronous
Mcu.IP1=RCC
TIM1.Prescaler=800-1
Mcu.UserConstants=
ProjectManager.TargetToolchain=MDK-ARM V5.27
PB10.GPIO_Label=RTRIG
Mcu.ThirdPartyNb=0
PB7.GPIOParameters=GPIO_Label
RCC.HCLKFreq_Value=8000000
Mcu.IPNb=6
TIM2.IPParameters=Channel-PWM Generation2 CH2,Prescaler,Period
ProjectManager.PreviousToolchain=
RCC.APB2TimFreq_Value=8000000
PA9.Signal=USART1_TX
PB6.Signal=GPIO_Output
SH.S_TIM2_CH2.ConfNb=1
VP_TIM1_VS_ClockSourceINT.Signal=TIM1_VS_ClockSourceINT
PB11.GPIOParameters=GPIO_Label
PB9.Locked=true
Mcu.Pin6=PB14
Mcu.Pin7=PB15
PC13-TAMPER-RTC.Locked=true
Mcu.Pin8=PA9
RCC.USBFreq_Value=8000000
Mcu.Pin9=PA10
PA1.Signal=S_TIM2_CH2
RCC.AHBFreq_Value=8000000
PB13.Locked=true
Mcu.Pin0=PC13-TAMPER-RTC
Mcu.Pin1=PA1
GPIO.groupedBy=Group By Peripherals
Mcu.Pin2=PB10
PB10.Signal=GPIO_Output
Mcu.Pin3=PB11
Mcu.Pin4=PB12
NVIC.EXTI15_10_IRQn=true\:0\:0\:false\:false\:true\:true\:true
Mcu.Pin5=PB13
PB14.Signal=GPIO_Input
ProjectManager.ProjectBuild=false
NVIC.UsageFault_IRQn=true\:0\:0\:false\:false\:true\:false\:false
NVIC.DebugMonitor_IRQn=true\:0\:0\:false\:false\:true\:false\:false
board=custom
NVIC.SysTick_IRQn=true\:0\:0\:false\:false\:true\:false\:true
ProjectManager.LastFirmware=true
PC13-TAMPER-RTC.GPIO_Label=LED
PB12.GPIO_Label=FTRIG
RCC.VCOOutput2Freq_Value=4000000
ProjectManager.FirmwarePackage=STM32Cube FW_F1 V1.8.0
MxDb.Version=DB.5.0.60
RCC.APB2Freq_Value=8000000
PA1.GPIOParameters=GPIO_Label
ProjectManager.BackupPrevious=false
MxCube.Version=5.6.1
PB15.GPIO_Label=REBTN
File.Version=6
PA1.GPIO_Label=PWM
PA10.GPIO_Label=RX
PA10.GPIOParameters=GPIO_Label
VP_SYS_VS_Systick.Mode=SysTick
VP_SYS_VS_ND.Signal=SYS_VS_ND
PB7.Signal=GPIO_Output
PB8.Locked=true
NVIC.NonMaskableInt_IRQn=true\:0\:0\:false\:false\:true\:false\:false
PB6.Locked=true
NVIC.PendSV_IRQn=true\:0\:0\:false\:false\:true\:false\:false
TIM2.Period=100-1
PB15.GPIOParameters=GPIO_PuPd,GPIO_Label
ProjectManager.FreePins=false
RCC.IPParameters=ADCFreqValue,AHBFreq_Value,APB1Freq_Value,APB1TimFreq_Value,APB2Freq_Value,APB2TimFreq_Value,FCLKCortexFreq_Value,FamilyName,HCLKFreq_Value,MCOFreq_Value,PLLCLKFreq_Value,PLLMCOFreq_Value,SYSCLKFreq_VALUE,SYSCLKSource,TimSysFreq_Value,USBFreq_Value,VCOOutput2Freq_Value
ProjectManager.AskForMigrate=true
Mcu.Name=STM32F103C(4-6)Tx
PB6.GPIOParameters=GPIO_Label
ProjectManager.HalAssertFull=false
VP_TIM1_VS_ClockSourceINT.Mode=Internal
ProjectManager.ProjectName=Rover
ProjectManager.UnderRoot=false
RCC.PLLMCOFreq_Value=4000000
ProjectManager.CoupleFile=false
PB7.GPIO_Label=LIN2
RCC.SYSCLKFreq_VALUE=8000000
Mcu.Package=LQFP48
PB9.Signal=GPIO_Output
TIM2.Prescaler=800-1
RCC.TimSysFreq_Value=8000000
NVIC.ForceEnableDMAVector=true
KeepUserPlacement=false
PB15.GPIO_PuPd=GPIO_PULLUP
NVIC.MemoryManagement_IRQn=true\:0\:0\:false\:false\:true\:false\:false
USART1.VirtualMode=VM_ASYNC
ProjectManager.CompilerOptimize=6
ProjectManager.ToolChainLocation=
VP_SYS_VS_Systick.Signal=SYS_VS_Systick
PA10.Signal=USART1_RX
ProjectManager.HeapSize=0x200
Mcu.Pin15=VP_SYS_VS_Systick
NVIC.HardFault_IRQn=true\:0\:0\:false\:false\:true\:false\:false
Mcu.Pin16=VP_TIM1_VS_ClockSourceINT
Mcu.Pin13=PB9
Mcu.Pin14=VP_SYS_VS_ND
PB14.GPIOParameters=GPIO_Label
SH.GPXTI15.ConfNb=1
ProjectManager.ComputerToolchain=false
NVIC.PriorityGroup=NVIC_PRIORITYGROUP_4
SH.GPXTI15.0=GPIO_EXTI15
Mcu.Pin11=PB7
Mcu.Pin12=PB8
Mcu.Pin10=PB6
PB7.Locked=true
RCC.APB1TimFreq_Value=8000000
PB8.Signal=GPIO_Output
NVIC.BusFault_IRQn=true\:0\:0\:false\:false\:true\:false\:false
TIM1.Period=10000-1
PB10.GPIOParameters=GPIO_Label
RCC.APB1Freq_Value=8000000
ProjectManager.CustomerFirmwarePackage=
PB11.Locked=true
ProjectManager.DeviceId=STM32F103C6Tx
PB12.GPIOParameters=GPIO_Label
PB12.Signal=GPIO_Output
ProjectManager.LibraryCopy=0
PB15.Locked=true
